
Microsoft Visual Studio Solution File, Format Version 12.00
# Visual Studio Version 16
VisualStudioVersion = 16.0.30204.135
MinimumVisualStudioVersion = 10.0.40219.1
Project("{9A19103F-16F7-4668-BE54-9A1E7A4F7556}") = "GeneralAPI", "GeneralAPI\GeneralAPI.csproj", "{0266D698-89E3-4990-95DB-BBF2A43426C7}"
EndProject
Project("{9A19103F-16F7-4668-BE54-9A1E7A4F7556}") = "GeneralBusiness", "GeneralBusiness\GeneralBusiness.csproj", "{C50545E4-C369-4714-8B18-A47783B7EB30}"
EndProject
Project("{9A19103F-16F7-4668-BE54-9A1E7A4F7556}") = "GeneralTests", "GeneralTests\GeneralTests.csproj", "{20D490D6-3A71-4CA4-9099-14E00621389C}"
EndProject
Project("{9A19103F-16F7-4668-BE54-9A1E7A4F7556}") = "GeneralDTO", "GeneralDTO\GeneralDTO.csproj", "{D6D9671B-03A0-4754-B105-FB8300FFB5A7}"
EndProject
Project("{9A19103F-16F7-4668-BE54-9A1E7A4F7556}") = "GeneralData", "GeneralData\GeneralData.csproj", "{34D12845-F2E1-484D-B8BB-C1119749083A}"
EndProject
Global
	GlobalSection(SolutionConfigurationPlatforms) = preSolution
		Debug|Any CPU = Debug|Any CPU
		Release|Any CPU = Release|Any CPU
	EndGlobalSection
	GlobalSection(ProjectConfigurationPlatforms) = postSolution
		{0266D698-89E3-4990-95DB-BBF2A43426C7}.Debug|Any CPU.ActiveCfg = Debug|Any CPU
		{0266D698-89E3-4990-95DB-BBF2A43426C7}.Debug|Any CPU.Build.0 = Debug|Any CPU
		{0266D698-89E3-4990-95DB-BBF2A43426C7}.Release|Any CPU.ActiveCfg = Release|Any CPU
		{0266D698-89E3-4990-95DB-BBF2A43426C7}.Release|Any CPU.Build.0 = Release|Any CPU
		{C50545E4-C369-4714-8B18-A47783B7EB30}.Debug|Any CPU.ActiveCfg = Debug|Any CPU
		{C50545E4-C369-4714-8B18-A47783B7EB30}.Debug|Any CPU.Build.0 = Debug|Any CPU
		{C50545E4-C369-4714-8B18-A47783B7EB30}.Release|Any CPU.ActiveCfg = Release|Any CPU
		{C50545E4-C369-4714-8B18-A47783B7EB30}.Release|Any CPU.Build.0 = Release|Any CPU
		{20D490D6-3A71-4CA4-9099-14E00621389C}.Debug|Any CPU.ActiveCfg = Debug|Any CPU
		{20D490D6-3A71-4CA4-9099-14E00621389C}.Debug|Any CPU.Build.0 = Debug|Any CPU
		{20D490D6-3A71-4CA4-9099-14E00621389C}.Release|Any CPU.ActiveCfg = Release|Any CPU
		{20D490D6-3A71-4CA4-9099-14E00621389C}.Release|Any CPU.Build.0 = Release|Any CPU
		{D6D9671B-03A0-4754-B105-FB8300FFB5A7}.Debug|Any CPU.ActiveCfg = Debug|Any CPU
		{D6D9671B-03A0-4754-B105-FB8300FFB5A7}.Debug|Any CPU.Build.0 = Debug|Any CPU
		{D6D9671B-03A0-4754-B105-FB8300FFB5A7}.Release|Any CPU.ActiveCfg = Release|Any CPU
		{D6D9671B-03A0-4754-B105-FB8300FFB5A7}.Release|Any CPU.Build.0 = Release|Any CPU
		{34D12845-F2E1-484D-B8BB-C1119749083A}.Debug|Any CPU.ActiveCfg = Debug|Any CPU
		{34D12845-F2E1-484D-B8BB-C1119749083A}.Debug|Any CPU.Build.0 = Debug|Any CPU
		{34D12845-F2E1-484D-B8BB-C1119749083A}.Release|Any CPU.ActiveCfg = Release|Any CPU
		{34D12845-F2E1-484D-B8BB-C1119749083A}.Release|Any CPU.Build.0 = Release|Any CPU
	EndGlobalSection
	GlobalSection(SolutionProperties) = preSolution
		HideSolutionNode = FALSE
	EndGlobalSection
	GlobalSection(ExtensibilityGlobals) = postSolution
		SolutionGuid = {CC4065AF-87DE-4C23-8991-87CA183287FF}
	EndGlobalSection
EndGlobal
